PODS:
  - demo_app (0.0.0):
    - MapLibre (= 6.12.1)
  - MapLibre (6.12.1)

DEPENDENCIES:
  - demo_app (from `../demo-app`)

SPEC REPOS:
  trunk:
    - MapLibre

EXTERNAL SOURCES:
  demo_app:
    :path: "../demo-app"

SPEC CHECKSUMS:
  demo_app: ebef1011352bbcdc57d1251e96d96db6ab7fa4f4
  MapLibre: 32f6873a5346bf31c82faaf4b3066d254e45a22b

PODFILE CHECKSUM: faffe0b5720ea7a96818a908bd93100321d4e51f

COCOAPODS: 1.16.2
