PODS:
  - demo_app (0.0.0):
    - MapLibre (= 6.11.0)
  - MapLibre (6.11.0)

DEPENDENCIES:
  - demo_app (from `../demo-app`)

SPEC REPOS:
  trunk:
    - MapLibre

EXTERNAL SOURCES:
  demo_app:
    :path: "../demo-app"

SPEC CHECKSUMS:
  demo_app: f5eaf5b500010da4fe24bbf4b6870841c6e199d7
  MapLibre: 9ff4ba8fb55fe159c9e1729624c394e00a2e0d1c

PODFILE CHECKSUM: faffe0b5720ea7a96818a908bd93100321d4e51f

COCOAPODS: 1.16.2
